<?xml version="1.0" encoding="utf-8"?>
<Project ToolsVersion="4.0" xmlns="http://schemas.microsoft.com/developer/msbuild/2003">
  <ItemGroup>
    <ClCompile Include="glew-2.1.0 (2)\glew-2.1.0\src\glew.c" />
    <ClCompile Include="project.cpp" />
    <ClCompile Include="ShaderLib.cpp">
      <Filter>Исходные файлы</Filter>
    </ClCompile>
  </ItemGroup>
  <ItemGroup>
    <Filter Include="Исходные файлы">
      <UniqueIdentifier>{cbcc5648-c948-4873-8617-d5288bd9ffb3}</UniqueIdentifier>
    </Filter>
  </ItemGroup>
  <ItemGroup>
    <None Include="fragment_shader.glsl">
      <Filter>Исходные файлы</Filter>
    </None>
    <None Include="vertex_shader.glsl">
      <Filter>Исходные файлы</Filter>
    </None>
  </ItemGroup>
  <ItemGroup>
    <ClInclude Include="ShaderLib.h">
      <Filter>Исходные файлы</Filter>
    </ClInclude>
    <ClInclude Include="Mesh.h" />
    <ClInclude Include="Model.h" />
  </ItemGroup>
</Project>